
Microsoft Visual Studio Solution File, Format Version 12.00
# Visual Studio Version 16
VisualStudioVersion = 16.0.30717.126
MinimumVisualStudioVersion = 10.0.40219.1
Project("{FAE04EC0-301F-11D3-BF4B-00C04F79EFBC}") = "AspNetCoreHero.Results", "AspNetCoreHero.Results\AspNetCoreHero.Results.csproj", "{F805C193-BFBA-4151-A236-B01F53E7CEFF}"
EndProject
Global
	GlobalSection(SolutionConfigurationPlatforms) = preSolution
		Debug|Any CPU = Debug|Any CPU
		Release|Any CPU = Release|Any CPU
	EndGlobalSection
	GlobalSection(ProjectConfigurationPlatforms) = postSolution
		{F805C193-BFBA-4151-A236-B01F53E7CEFF}.Debug|Any CPU.ActiveCfg = Debug|Any CPU
		{F805C193-BFBA-4151-A236-B01F53E7CEFF}.Debug|Any CPU.Build.0 = Debug|Any CPU
		{F805C193-BFBA-4151-A236-B01F53E7CEFF}.Release|Any CPU.ActiveCfg = Release|Any CPU
		{F805C193-BFBA-4151-A236-B01F53E7CEFF}.Release|Any CPU.Build.0 = Release|Any CPU
	EndGlobalSection
	GlobalSection(SolutionProperties) = preSolution
		HideSolutionNode = FALSE
	EndGlobalSection
	GlobalSection(ExtensibilityGlobals) = postSolution
		SolutionGuid = {393D01B0-E8A2-46FB-8804-497B55D2878E}
	EndGlobalSection
EndGlobal
